
Microsoft Visual Studio Solution File, Format Version 12.00
# Visual Studio 15
VisualStudioVersion = 15.0.28010.2016
MinimumVisualStudioVersion = 10.0.40219.1
Project("{FAE04EC0-301F-11D3-BF4B-00C04F79EFBC}") = "VoicesPuter", "VoicesPuter\VoicesPuter.csproj", "{292F7701-1CD7-492F-B1AE-09CEA7397C14}"
EndProject
Global
	GlobalSection(SolutionConfigurationPlatforms) = preSolution
		Debug|Any CPU = Debug|Any CPU
		Release|Any CPU = Release|Any CPU
	EndGlobalSection
	GlobalSection(ProjectConfigurationPlatforms) = postSolution
		{292F7701-1CD7-492F-B1AE-09CEA7397C14}.Debug|Any CPU.ActiveCfg = Debug|Any CPU
		{292F7701-1CD7-492F-B1AE-09CEA7397C14}.Debug|Any CPU.Build.0 = Debug|Any CPU
		{292F7701-1CD7-492F-B1AE-09CEA7397C14}.Release|Any CPU.ActiveCfg = Release|Any CPU
		{292F7701-1CD7-492F-B1AE-09CEA7397C14}.Release|Any CPU.Build.0 = Release|Any CPU
	EndGlobalSection
	GlobalSection(SolutionProperties) = preSolution
		HideSolutionNode = FALSE
	EndGlobalSection
	GlobalSection(ExtensibilityGlobals) = postSolution
		SolutionGuid = {EBB9BD65-8211-417B-BA5C-B85A63407580}
	EndGlobalSection
EndGlobal
